
Microsoft Visual Studio Solution File, Format Version 12.00
# Visual Studio Version 16
VisualStudioVersion = 16.0.31911.196
MinimumVisualStudioVersion = 10.0.40219.1
Project("{6989167D-11E4-40FE-8C1A-2192A86A7E90}") = "FTL", "FTL.vfproj", "{85A0CBD4-F129-4D6B-BD85-483068B0DCE3}"
EndProject
Project("{2150E333-8FDC-42A3-9474-1A3956D46DE8}") = "utest", "utest", "{AD41DD5F-0EEC-442E-A7C6-67398CDA1B80}"
EndProject
Project("{6989167D-11E4-40FE-8C1A-2192A86A7E90}") = "unit_list", "src\utest\unit_list\unit_list.vfproj", "{C79FD85B-A5A6-4A13-A4FD-57FFA1EFFEB4}"
	ProjectSection(ProjectDependencies) = postProject
		{BAF1F38D-56FB-4B54-9F53-FCCC78E5B60D} = {BAF1F38D-56FB-4B54-9F53-FCCC78E5B60D}
		{85A0CBD4-F129-4D6B-BD85-483068B0DCE3} = {85A0CBD4-F129-4D6B-BD85-483068B0DCE3}
	EndProjectSection
EndProject
Project("{6989167D-11E4-40FE-8C1A-2192A86A7E90}") = "unit_queue", "src\utest\unit_queue\unit_queue.vfproj", "{3E91B9DC-65C0-4063-A1A6-6C5124B1E438}"
	ProjectSection(ProjectDependencies) = postProject
		{BAF1F38D-56FB-4B54-9F53-FCCC78E5B60D} = {BAF1F38D-56FB-4B54-9F53-FCCC78E5B60D}
		{85A0CBD4-F129-4D6B-BD85-483068B0DCE3} = {85A0CBD4-F129-4D6B-BD85-483068B0DCE3}
	EndProjectSection
EndProject
Project("{6989167D-11E4-40FE-8C1A-2192A86A7E90}") = "unit_slist", "src\utest\unit_slist\unit_slist.vfproj", "{A191F783-C59E-40C7-B029-DBBFCECE214B}"
	ProjectSection(ProjectDependencies) = postProject
		{BAF1F38D-56FB-4B54-9F53-FCCC78E5B60D} = {BAF1F38D-56FB-4B54-9F53-FCCC78E5B60D}
		{85A0CBD4-F129-4D6B-BD85-483068B0DCE3} = {85A0CBD4-F129-4D6B-BD85-483068B0DCE3}
	EndProjectSection
EndProject
Project("{6989167D-11E4-40FE-8C1A-2192A86A7E90}") = "unit_stack", "src\utest\unit_stack\unit_stack.vfproj", "{AA759772-7681-40B6-96D6-2B9495EBD7FC}"
	ProjectSection(ProjectDependencies) = postProject
		{BAF1F38D-56FB-4B54-9F53-FCCC78E5B60D} = {BAF1F38D-56FB-4B54-9F53-FCCC78E5B60D}
		{85A0CBD4-F129-4D6B-BD85-483068B0DCE3} = {85A0CBD4-F129-4D6B-BD85-483068B0DCE3}
	EndProjectSection
EndProject
Project("{6989167D-11E4-40FE-8C1A-2192A86A7E90}") = "unit_tree", "src\utest\unit_tree\unit_tree.vfproj", "{A46847A8-B538-45B2-B220-07FF836E16D9}"
	ProjectSection(ProjectDependencies) = postProject
		{BAF1F38D-56FB-4B54-9F53-FCCC78E5B60D} = {BAF1F38D-56FB-4B54-9F53-FCCC78E5B60D}
		{85A0CBD4-F129-4D6B-BD85-483068B0DCE3} = {85A0CBD4-F129-4D6B-BD85-483068B0DCE3}
	EndProjectSection
EndProject
Project("{6989167D-11E4-40FE-8C1A-2192A86A7E90}") = "unit_vector", "src\utest\unit_vector\unit_vector.vfproj", "{1E1ECE7D-4BFE-4F90-B607-9FB26E881A53}"
	ProjectSection(ProjectDependencies) = postProject
		{BAF1F38D-56FB-4B54-9F53-FCCC78E5B60D} = {BAF1F38D-56FB-4B54-9F53-FCCC78E5B60D}
		{85A0CBD4-F129-4D6B-BD85-483068B0DCE3} = {85A0CBD4-F129-4D6B-BD85-483068B0DCE3}
	EndProjectSection
EndProject
Project("{6989167D-11E4-40FE-8C1A-2192A86A7E90}") = "XFunit", "..\XFunit\XFunit.vfproj", "{BAF1F38D-56FB-4B54-9F53-FCCC78E5B60D}"
EndProject
Project("{FAE04EC0-301F-11D3-BF4B-00C04F79EFBC}") = "unit_test_driver", "unit_test_driver\unit_test_driver.csproj", "{587E0562-72B0-4944-A09E-AA91378A6EFA}"
EndProject
Project("{2150E333-8FDC-42A3-9474-1A3956D46DE8}") = "Resources", "Resources", "{60665FC8-0C5E-4DF9-84CB-1D1DCFE91F9A}"
	ProjectSection(SolutionItems) = preProject
		src\utest\makefile = src\utest\makefile
	EndProjectSection
EndProject
Project("{888888A0-9F3D-457C-B088-3A5042F75D52}") = "fxx", "fxx\fxx.pyproj", "{71E422B4-7399-45B6-BAF2-F0E383E3348E}"
EndProject
Project("{2150E333-8FDC-42A3-9474-1A3956D46DE8}") = "tools", "tools", "{0E18E4B5-2158-4729-869A-1136DB8A1596}"
EndProject
Project("{888888A0-9F3D-457C-B088-3A5042F75D52}") = "fxx-container-only", "fxx\fxx-container-only.pyproj", "{4F001766-70E4-4419-8A5F-F34C015D5B7F}"
EndProject
Global
	GlobalSection(SolutionConfigurationPlatforms) = preSolution
		Debug|Any CPU = Debug|Any CPU
		Debug|x64 = Debug|x64
		Debug|x86 = Debug|x86
		Release|Any CPU = Release|Any CPU
		Release|x64 = Release|x64
		Release|x86 = Release|x86
	EndGlobalSection
	GlobalSection(ProjectConfigurationPlatforms) = postSolution
		{85A0CBD4-F129-4D6B-BD85-483068B0DCE3}.Debug|Any CPU.ActiveCfg = Debug|Win32
		{85A0CBD4-F129-4D6B-BD85-483068B0DCE3}.Debug|x64.ActiveCfg = Debug|x64
		{85A0CBD4-F129-4D6B-BD85-483068B0DCE3}.Debug|x64.Build.0 = Debug|x64
		{85A0CBD4-F129-4D6B-BD85-483068B0DCE3}.Debug|x86.ActiveCfg = Debug|Win32
		{85A0CBD4-F129-4D6B-BD85-483068B0DCE3}.Debug|x86.Build.0 = Debug|Win32
		{85A0CBD4-F129-4D6B-BD85-483068B0DCE3}.Release|Any CPU.ActiveCfg = Release|Win32
		{85A0CBD4-F129-4D6B-BD85-483068B0DCE3}.Release|x64.ActiveCfg = Release|x64
		{85A0CBD4-F129-4D6B-BD85-483068B0DCE3}.Release|x64.Build.0 = Release|x64
		{85A0CBD4-F129-4D6B-BD85-483068B0DCE3}.Release|x86.ActiveCfg = Release|Win32
		{85A0CBD4-F129-4D6B-BD85-483068B0DCE3}.Release|x86.Build.0 = Release|Win32
		{C79FD85B-A5A6-4A13-A4FD-57FFA1EFFEB4}.Debug|Any CPU.ActiveCfg = Debug|Win32
		{C79FD85B-A5A6-4A13-A4FD-57FFA1EFFEB4}.Debug|x64.ActiveCfg = Debug|x64
		{C79FD85B-A5A6-4A13-A4FD-57FFA1EFFEB4}.Debug|x64.Build.0 = Debug|x64
		{C79FD85B-A5A6-4A13-A4FD-57FFA1EFFEB4}.Debug|x86.ActiveCfg = Debug|Win32
		{C79FD85B-A5A6-4A13-A4FD-57FFA1EFFEB4}.Debug|x86.Build.0 = Debug|Win32
		{C79FD85B-A5A6-4A13-A4FD-57FFA1EFFEB4}.Release|Any CPU.ActiveCfg = Release|Win32
		{C79FD85B-A5A6-4A13-A4FD-57FFA1EFFEB4}.Release|x64.ActiveCfg = Release|x64
		{C79FD85B-A5A6-4A13-A4FD-57FFA1EFFEB4}.Release|x64.Build.0 = Release|x64
		{C79FD85B-A5A6-4A13-A4FD-57FFA1EFFEB4}.Release|x86.ActiveCfg = Release|Win32
		{C79FD85B-A5A6-4A13-A4FD-57FFA1EFFEB4}.Release|x86.Build.0 = Release|Win32
		{3E91B9DC-65C0-4063-A1A6-6C5124B1E438}.Debug|Any CPU.ActiveCfg = Debug|Win32
		{3E91B9DC-65C0-4063-A1A6-6C5124B1E438}.Debug|x64.ActiveCfg = Debug|x64
		{3E91B9DC-65C0-4063-A1A6-6C5124B1E438}.Debug|x64.Build.0 = Debug|x64
		{3E91B9DC-65C0-4063-A1A6-6C5124B1E438}.Debug|x86.ActiveCfg = Debug|Win32
		{3E91B9DC-65C0-4063-A1A6-6C5124B1E438}.Debug|x86.Build.0 = Debug|Win32
		{3E91B9DC-65C0-4063-A1A6-6C5124B1E438}.Release|Any CPU.ActiveCfg = Release|Win32
		{3E91B9DC-65C0-4063-A1A6-6C5124B1E438}.Release|x64.ActiveCfg = Release|x64
		{3E91B9DC-65C0-4063-A1A6-6C5124B1E438}.Release|x64.Build.0 = Release|x64
		{3E91B9DC-65C0-4063-A1A6-6C5124B1E438}.Release|x86.ActiveCfg = Release|Win32
		{3E91B9DC-65C0-4063-A1A6-6C5124B1E438}.Release|x86.Build.0 = Release|Win32
		{A191F783-C59E-40C7-B029-DBBFCECE214B}.Debug|Any CPU.ActiveCfg = Debug|Win32
		{A191F783-C59E-40C7-B029-DBBFCECE214B}.Debug|x64.ActiveCfg = Debug|x64
		{A191F783-C59E-40C7-B029-DBBFCECE214B}.Debug|x64.Build.0 = Debug|x64
		{A191F783-C59E-40C7-B029-DBBFCECE214B}.Debug|x86.ActiveCfg = Debug|Win32
		{A191F783-C59E-40C7-B029-DBBFCECE214B}.Debug|x86.Build.0 = Debug|Win32
		{A191F783-C59E-40C7-B029-DBBFCECE214B}.Release|Any CPU.ActiveCfg = Release|Win32
		{A191F783-C59E-40C7-B029-DBBFCECE214B}.Release|x64.ActiveCfg = Release|x64
		{A191F783-C59E-40C7-B029-DBBFCECE214B}.Release|x64.Build.0 = Release|x64
		{A191F783-C59E-40C7-B029-DBBFCECE214B}.Release|x86.ActiveCfg = Release|Win32
		{A191F783-C59E-40C7-B029-DBBFCECE214B}.Release|x86.Build.0 = Release|Win32
		{AA759772-7681-40B6-96D6-2B9495EBD7FC}.Debug|Any CPU.ActiveCfg = Debug|Win32
		{AA759772-7681-40B6-96D6-2B9495EBD7FC}.Debug|x64.ActiveCfg = Debug|x64
		{AA759772-7681-40B6-96D6-2B9495EBD7FC}.Debug|x64.Build.0 = Debug|x64
		{AA759772-7681-40B6-96D6-2B9495EBD7FC}.Debug|x86.ActiveCfg = Debug|Win32
		{AA759772-7681-40B6-96D6-2B9495EBD7FC}.Debug|x86.Build.0 = Debug|Win32
		{AA759772-7681-40B6-96D6-2B9495EBD7FC}.Release|Any CPU.ActiveCfg = Release|Win32
		{AA759772-7681-40B6-96D6-2B9495EBD7FC}.Release|x64.ActiveCfg = Release|x64
		{AA759772-7681-40B6-96D6-2B9495EBD7FC}.Release|x64.Build.0 = Release|x64
		{AA759772-7681-40B6-96D6-2B9495EBD7FC}.Release|x86.ActiveCfg = Release|Win32
		{AA759772-7681-40B6-96D6-2B9495EBD7FC}.Release|x86.Build.0 = Release|Win32
		{A46847A8-B538-45B2-B220-07FF836E16D9}.Debug|Any CPU.ActiveCfg = Debug|Win32
		{A46847A8-B538-45B2-B220-07FF836E16D9}.Debug|x64.ActiveCfg = Debug|x64
		{A46847A8-B538-45B2-B220-07FF836E16D9}.Debug|x64.Build.0 = Debug|x64
		{A46847A8-B538-45B2-B220-07FF836E16D9}.Debug|x86.ActiveCfg = Debug|Win32
		{A46847A8-B538-45B2-B220-07FF836E16D9}.Debug|x86.Build.0 = Debug|Win32
		{A46847A8-B538-45B2-B220-07FF836E16D9}.Release|Any CPU.ActiveCfg = Release|Win32
		{A46847A8-B538-45B2-B220-07FF836E16D9}.Release|x64.ActiveCfg = Release|x64
		{A46847A8-B538-45B2-B220-07FF836E16D9}.Release|x64.Build.0 = Release|x64
		{A46847A8-B538-45B2-B220-07FF836E16D9}.Release|x86.ActiveCfg = Release|Win32
		{A46847A8-B538-45B2-B220-07FF836E16D9}.Release|x86.Build.0 = Release|Win32
		{1E1ECE7D-4BFE-4F90-B607-9FB26E881A53}.Debug|Any CPU.ActiveCfg = Debug|Win32
		{1E1ECE7D-4BFE-4F90-B607-9FB26E881A53}.Debug|x64.ActiveCfg = Debug|x64
		{1E1ECE7D-4BFE-4F90-B607-9FB26E881A53}.Debug|x64.Build.0 = Debug|x64
		{1E1ECE7D-4BFE-4F90-B607-9FB26E881A53}.Debug|x86.ActiveCfg = Debug|Win32
		{1E1ECE7D-4BFE-4F90-B607-9FB26E881A53}.Debug|x86.Build.0 = Debug|Win32
		{1E1ECE7D-4BFE-4F90-B607-9FB26E881A53}.Release|Any CPU.ActiveCfg = Release|Win32
		{1E1ECE7D-4BFE-4F90-B607-9FB26E881A53}.Release|x64.ActiveCfg = Release|x64
		{1E1ECE7D-4BFE-4F90-B607-9FB26E881A53}.Release|x64.Build.0 = Release|x64
		{1E1ECE7D-4BFE-4F90-B607-9FB26E881A53}.Release|x86.ActiveCfg = Release|Win32
		{1E1ECE7D-4BFE-4F90-B607-9FB26E881A53}.Release|x86.Build.0 = Release|Win32
		{BAF1F38D-56FB-4B54-9F53-FCCC78E5B60D}.Debug|Any CPU.ActiveCfg = Debug|Win32
		{BAF1F38D-56FB-4B54-9F53-FCCC78E5B60D}.Debug|x64.ActiveCfg = Debug|x64
		{BAF1F38D-56FB-4B54-9F53-FCCC78E5B60D}.Debug|x86.ActiveCfg = Debug|Win32
		{BAF1F38D-56FB-4B54-9F53-FCCC78E5B60D}.Debug|x86.Build.0 = Debug|Win32
		{BAF1F38D-56FB-4B54-9F53-FCCC78E5B60D}.Release|Any CPU.ActiveCfg = Release|Win32
		{BAF1F38D-56FB-4B54-9F53-FCCC78E5B60D}.Release|x64.ActiveCfg = Release|x64
		{BAF1F38D-56FB-4B54-9F53-FCCC78E5B60D}.Release|x64.Build.0 = Release|x64
		{BAF1F38D-56FB-4B54-9F53-FCCC78E5B60D}.Release|x86.ActiveCfg = Release|Win32
		{BAF1F38D-56FB-4B54-9F53-FCCC78E5B60D}.Release|x86.Build.0 = Release|Win32
		{587E0562-72B0-4944-A09E-AA91378A6EFA}.Debug|Any CPU.ActiveCfg = Debug|Any CPU
		{587E0562-72B0-4944-A09E-AA91378A6EFA}.Debug|Any CPU.Build.0 = Debug|Any CPU
		{587E0562-72B0-4944-A09E-AA91378A6EFA}.Debug|x64.ActiveCfg = Debug|Any CPU
		{587E0562-72B0-4944-A09E-AA91378A6EFA}.Debug|x64.Build.0 = Debug|Any CPU
		{587E0562-72B0-4944-A09E-AA91378A6EFA}.Debug|x86.ActiveCfg = Debug|Any CPU
		{587E0562-72B0-4944-A09E-AA91378A6EFA}.Debug|x86.Build.0 = Debug|Any CPU
		{587E0562-72B0-4944-A09E-AA91378A6EFA}.Release|Any CPU.ActiveCfg = Release|Any CPU
		{587E0562-72B0-4944-A09E-AA91378A6EFA}.Release|Any CPU.Build.0 = Release|Any CPU
		{587E0562-72B0-4944-A09E-AA91378A6EFA}.Release|x64.ActiveCfg = Release|Any CPU
		{587E0562-72B0-4944-A09E-AA91378A6EFA}.Release|x64.Build.0 = Release|Any CPU
		{587E0562-72B0-4944-A09E-AA91378A6EFA}.Release|x86.ActiveCfg = Release|Any CPU
		{587E0562-72B0-4944-A09E-AA91378A6EFA}.Release|x86.Build.0 = Release|Any CPU
		{71E422B4-7399-45B6-BAF2-F0E383E3348E}.Debug|Any CPU.ActiveCfg = Debug|Any CPU
		{71E422B4-7399-45B6-BAF2-F0E383E3348E}.Debug|x64.ActiveCfg = Debug|Any CPU
		{71E422B4-7399-45B6-BAF2-F0E383E3348E}.Debug|x86.ActiveCfg = Debug|Any CPU
		{71E422B4-7399-45B6-BAF2-F0E383E3348E}.Release|Any CPU.ActiveCfg = Release|Any CPU
		{71E422B4-7399-45B6-BAF2-F0E383E3348E}.Release|x64.ActiveCfg = Release|Any CPU
		{71E422B4-7399-45B6-BAF2-F0E383E3348E}.Release|x86.ActiveCfg = Release|Any CPU
		{4F001766-70E4-4419-8A5F-F34C015D5B7F}.Debug|Any CPU.ActiveCfg = Debug|Any CPU
		{4F001766-70E4-4419-8A5F-F34C015D5B7F}.Debug|x64.ActiveCfg = Debug|Any CPU
		{4F001766-70E4-4419-8A5F-F34C015D5B7F}.Debug|x86.ActiveCfg = Debug|Any CPU
		{4F001766-70E4-4419-8A5F-F34C015D5B7F}.Release|Any CPU.ActiveCfg = Release|Any CPU
		{4F001766-70E4-4419-8A5F-F34C015D5B7F}.Release|x64.ActiveCfg = Release|Any CPU
		{4F001766-70E4-4419-8A5F-F34C015D5B7F}.Release|x86.ActiveCfg = Release|Any CPU
	EndGlobalSection
	GlobalSection(SolutionProperties) = preSolution
		HideSolutionNode = FALSE
	EndGlobalSection
	GlobalSection(NestedProjects) = preSolution
		{C79FD85B-A5A6-4A13-A4FD-57FFA1EFFEB4} = {AD41DD5F-0EEC-442E-A7C6-67398CDA1B80}
		{3E91B9DC-65C0-4063-A1A6-6C5124B1E438} = {AD41DD5F-0EEC-442E-A7C6-67398CDA1B80}
		{A191F783-C59E-40C7-B029-DBBFCECE214B} = {AD41DD5F-0EEC-442E-A7C6-67398CDA1B80}
		{AA759772-7681-40B6-96D6-2B9495EBD7FC} = {AD41DD5F-0EEC-442E-A7C6-67398CDA1B80}
		{A46847A8-B538-45B2-B220-07FF836E16D9} = {AD41DD5F-0EEC-442E-A7C6-67398CDA1B80}
		{1E1ECE7D-4BFE-4F90-B607-9FB26E881A53} = {AD41DD5F-0EEC-442E-A7C6-67398CDA1B80}
		{60665FC8-0C5E-4DF9-84CB-1D1DCFE91F9A} = {AD41DD5F-0EEC-442E-A7C6-67398CDA1B80}
		{71E422B4-7399-45B6-BAF2-F0E383E3348E} = {0E18E4B5-2158-4729-869A-1136DB8A1596}
		{4F001766-70E4-4419-8A5F-F34C015D5B7F} = {0E18E4B5-2158-4729-869A-1136DB8A1596}
	EndGlobalSection
	GlobalSection(ExtensibilityGlobals) = postSolution
		SolutionGuid = {75FCFA64-FCD9-41CB-BDA1-777354D997BE}
	EndGlobalSection
EndGlobal
